
Microsoft Visual Studio Solution File, Format Version 12.00
# Visual Studio Version 17
VisualStudioVersion = 17.3.32811.315
MinimumVisualStudioVersion = 10.0.40219.1
Project("{FAE04EC0-301F-11D3-BF4B-00C04F79EFBC}") = "Carrito-C", "Carrito-C\Carrito-C.csproj", "{EFFB7956-B8AC-4D75-A4B5-15E6B3BAB814}"
EndProject
Global
	GlobalSection(SolutionConfigurationPlatforms) = preSolution
		Debug|Any CPU = Debug|Any CPU
		Release|Any CPU = Release|Any CPU
	EndGlobalSection
	GlobalSection(ProjectConfigurationPlatforms) = postSolution
		{EFFB7956-B8AC-4D75-A4B5-15E6B3BAB814}.Debug|Any CPU.ActiveCfg = Debug|Any CPU
		{EFFB7956-B8AC-4D75-A4B5-15E6B3BAB814}.Debug|Any CPU.Build.0 = Debug|Any CPU
		{EFFB7956-B8AC-4D75-A4B5-15E6B3BAB814}.Release|Any CPU.ActiveCfg = Release|Any CPU
		{EFFB7956-B8AC-4D75-A4B5-15E6B3BAB814}.Release|Any CPU.Build.0 = Release|Any CPU
	EndGlobalSection
	GlobalSection(SolutionProperties) = preSolution
		HideSolutionNode = FALSE
	EndGlobalSection
	GlobalSection(ExtensibilityGlobals) = postSolution
		SolutionGuid = {205BA854-45E2-4C43-9ED6-08485718AFD6}
	EndGlobalSection
EndGlobal
